
Microsoft Visual Studio Solution File, Format Version 12.00
# Visual Studio Version 17
VisualStudioVersion = 17.5.33424.131
MinimumVisualStudioVersion = 10.0.40219.1
Project("{9A19103F-16F7-4668-BE54-9A1E7A4F7556}") = "Core_API_Postgre_Identity", "Core_API_Postgre_Identity.csproj", "{B57873E7-8F06-460A-B94D-F765846C2501}"
EndProject
Global
	GlobalSection(SolutionConfigurationPlatforms) = preSolution
		Debug|Any CPU = Debug|Any CPU
		Release|Any CPU = Release|Any CPU
	EndGlobalSection
	GlobalSection(ProjectConfigurationPlatforms) = postSolution
		{B57873E7-8F06-460A-B94D-F765846C2501}.Debug|Any CPU.ActiveCfg = Debug|Any CPU
		{B57873E7-8F06-460A-B94D-F765846C2501}.Debug|Any CPU.Build.0 = Debug|Any CPU
		{B57873E7-8F06-460A-B94D-F765846C2501}.Release|Any CPU.ActiveCfg = Release|Any CPU
		{B57873E7-8F06-460A-B94D-F765846C2501}.Release|Any CPU.Build.0 = Release|Any CPU
	EndGlobalSection
	GlobalSection(SolutionProperties) = preSolution
		HideSolutionNode = FALSE
	EndGlobalSection
	GlobalSection(ExtensibilityGlobals) = postSolution
		SolutionGuid = {5790C822-30F6-4177-A2F6-08D638472AF3}
	EndGlobalSection
EndGlobal
